{
    "requires": true,
    "lockfileVersion": 1,
    "dependencies": {
        "leaflet.bigimage": {
            "version": "1.0.1",
            "resolved": "https://registry.npmjs.org/leaflet.bigimage/-/leaflet.bigimage-1.0.1.tgz",
            "integrity": "sha512-ZCqvjgudLau5WevjFjMN4pXjAZV0BUtf3sYnXD1p+uviza9GLx218ckj5lHE+bcakkIufFR7ZSSt1iiUY+9AZA=="
        }
    }
}
